<?xml version="1.0" encoding="utf-8"?>
<Project ToolsVersion="4.0" xmlns="http://schemas.microsoft.com/developer/msbuild/2003">
  <ItemGroup>
    <ClCompile Include="main.cpp" />
    <ClCompile Include="Debug\DebugLayer.cpp" />
    <ClCompile Include="D3D\Context\Context.cpp" />
    <ClCompile Include="Support\Window.cpp" />
  </ItemGroup>
  <ItemGroup>
    <ClInclude Include="Support\WinInclude.h" />
    <ClInclude Include="Debug\DebugLayer.h" />
    <ClInclude Include="D3D\Context\Context.h" />
    <ClInclude Include="Support\Window.h" />
  </ItemGroup>
</Project>